
Microsoft Visual Studio Solution File, Format Version 12.00
# Visual Studio 15
VisualStudioVersion = 15.0.28307.168
MinimumVisualStudioVersion = 10.0.40219.1
Project("{9A19103F-16F7-4668-BE54-9A1E7A4F7556}") = "Simulator", "Simulator\Simulator.csproj", "{5CAAA292-D9D2-4324-B3CA-909F5B65C237}"
EndProject
Project("{9A19103F-16F7-4668-BE54-9A1E7A4F7556}") = "Shim", "ShimEngine\Shim.csproj", "{A3A5EA3D-3F2D-4641-8717-FD519A149190}"
EndProject
Global
	GlobalSection(SolutionConfigurationPlatforms) = preSolution
		Debug|Any CPU = Debug|Any CPU
		Release|Any CPU = Release|Any CPU
	EndGlobalSection
	GlobalSection(ProjectConfigurationPlatforms) = postSolution
		{5CAAA292-D9D2-4324-B3CA-909F5B65C237}.Debug|Any CPU.ActiveCfg = Debug|Any CPU
		{5CAAA292-D9D2-4324-B3CA-909F5B65C237}.Debug|Any CPU.Build.0 = Debug|Any CPU
		{5CAAA292-D9D2-4324-B3CA-909F5B65C237}.Release|Any CPU.ActiveCfg = Release|Any CPU
		{5CAAA292-D9D2-4324-B3CA-909F5B65C237}.Release|Any CPU.Build.0 = Release|Any CPU
		{A3A5EA3D-3F2D-4641-8717-FD519A149190}.Debug|Any CPU.ActiveCfg = Debug|Any CPU
		{A3A5EA3D-3F2D-4641-8717-FD519A149190}.Debug|Any CPU.Build.0 = Debug|Any CPU
		{A3A5EA3D-3F2D-4641-8717-FD519A149190}.Release|Any CPU.ActiveCfg = Release|Any CPU
		{A3A5EA3D-3F2D-4641-8717-FD519A149190}.Release|Any CPU.Build.0 = Release|Any CPU
	EndGlobalSection
	GlobalSection(SolutionProperties) = preSolution
		HideSolutionNode = FALSE
	EndGlobalSection
	GlobalSection(ExtensibilityGlobals) = postSolution
		SolutionGuid = {226B9B55-A9FD-4A71-9F1E-81DF17D3E53B}
	EndGlobalSection
EndGlobal
